
Microsoft Visual Studio Solution File, Format Version 12.00
# Visual Studio 15
VisualStudioVersion = 15.0.28307.421
MinimumVisualStudioVersion = 10.0.40219.1
Project("{FAE04EC0-301F-11D3-BF4B-00C04F79EFBC}") = "Длинная арифметика", "Длинная арифметика\Длинная арифметика.csproj", "{8BF747A2-045D-484F-B448-AB6AE0A29FB5}"
EndProject
Global
	GlobalSection(SolutionConfigurationPlatforms) = preSolution
		Debug|Any CPU = Debug|Any CPU
		Release|Any CPU = Release|Any CPU
	EndGlobalSection
	GlobalSection(ProjectConfigurationPlatforms) = postSolution
		{8BF747A2-045D-484F-B448-AB6AE0A29FB5}.Debug|Any CPU.ActiveCfg = Debug|Any CPU
		{8BF747A2-045D-484F-B448-AB6AE0A29FB5}.Debug|Any CPU.Build.0 = Debug|Any CPU
		{8BF747A2-045D-484F-B448-AB6AE0A29FB5}.Release|Any CPU.ActiveCfg = Release|Any CPU
		{8BF747A2-045D-484F-B448-AB6AE0A29FB5}.Release|Any CPU.Build.0 = Release|Any CPU
	EndGlobalSection
	GlobalSection(SolutionProperties) = preSolution
		HideSolutionNode = FALSE
	EndGlobalSection
	GlobalSection(ExtensibilityGlobals) = postSolution
		SolutionGuid = {94828712-B99F-4912-8A2C-668643E93907}
	EndGlobalSection
EndGlobal
